
Microsoft Visual Studio Solution File, Format Version 12.00
# Visual Studio Version 16
VisualStudioVersion = 16.0.28729.10
MinimumVisualStudioVersion = 10.0.40219.1
Project("{FAE04EC0-301F-11D3-BF4B-00C04F79EFBC}") = "ConciergeV1", "ConciergeV1\ConciergeV1.csproj", "{56FDB480-84A6-42E6-A5EF-41E4EB82448B}"
EndProject
Global
	GlobalSection(SolutionConfigurationPlatforms) = preSolution
		Debug|Any CPU = Debug|Any CPU
		Release|Any CPU = Release|Any CPU
	EndGlobalSection
	GlobalSection(ProjectConfigurationPlatforms) = postSolution
		{56FDB480-84A6-42E6-A5EF-41E4EB82448B}.Debug|Any CPU.ActiveCfg = Debug|Any CPU
		{56FDB480-84A6-42E6-A5EF-41E4EB82448B}.Debug|Any CPU.Build.0 = Debug|Any CPU
		{56FDB480-84A6-42E6-A5EF-41E4EB82448B}.Release|Any CPU.ActiveCfg = Release|Any CPU
		{56FDB480-84A6-42E6-A5EF-41E4EB82448B}.Release|Any CPU.Build.0 = Release|Any CPU
	EndGlobalSection
	GlobalSection(SolutionProperties) = preSolution
		HideSolutionNode = FALSE
	EndGlobalSection
	GlobalSection(ExtensibilityGlobals) = postSolution
		SolutionGuid = {F8A83009-59EF-438F-83B6-C23B8FD5FADB}
	EndGlobalSection
EndGlobal
